// !$*UTF8*$!
{
	archiveVersion = 1;
	classes = {
	};
	objectVersion = 55;
	objects = {

/* Begin PBXBuildFile section */
		4345C68F28B6E8C300353B59 /* BasicSalesApplicationApp.swift in Sources */ = {isa = PBXBuildFile; fileRef = 4345C68E28B6E8C300353B59 /* BasicSalesApplicationApp.swift */; };
		4345C69328B6E8C500353B59 /* Assets.xcassets in Resources */ = {isa = PBXBuildFile; fileRef = 4345C69228B6E8C500353B59 /* Assets.xcassets */; };
		4345C69628B6E8C500353B59 /* Preview Assets.xcassets in Resources */ = {isa = PBXBuildFile; fileRef = 4345C69528B6E8C500353B59 /* Preview Assets.xcassets */; };
		4345C6C228B7139500353B59 /* BottomCurve.swift in Sources */ = {isa = PBXBuildFile; fileRef = 4345C6C028B7139500353B59 /* BottomCurve.swift */; };
		4345C6C328B7139500353B59 /* CustomTabBar.swift in Sources */ = {isa = PBXBuildFile; fileRef = 4345C6C128B7139500353B59 /* CustomTabBar.swift */; };
		4345C6C628B715D800353B59 /* MainView.swift in Sources */ = {isa = PBXBuildFile; fileRef = 4345C6C528B715D800353B59 /* MainView.swift */; };
		4345C6C828B7165900353B59 /* AppViewModel.swift in Sources */ = {isa = PBXBuildFile; fileRef = 4345C6C728B7165900353B59 /* AppViewModel.swift */; };
		4345C6CA28B721BD00353B59 /* Home.swift in Sources */ = {isa = PBXBuildFile; fileRef = 4345C6C928B721BD00353B59 /* Home.swift */; };
		43EAB8F428B9B4D10092BD25 /* Furniture.swift in Sources */ = {isa = PBXBuildFile; fileRef = 43EAB8F328B9B4D10092BD25 /* Furniture.swift */; };
		43EAB8F628BD4E180092BD25 /* DetailView.swift in Sources */ = {isa = PBXBuildFile; fileRef = 43EAB8F528BD4E180092BD25 /* DetailView.swift */; };
		43EAB8FA28BEF29E0092BD25 /* MotionManager.swift in Sources */ = {isa = PBXBuildFile; fileRef = 43EAB8F928BEF29E0092BD25 /* MotionManager.swift */; };
		43EAB8FD28BEF5880092BD25 /* ParallaxMotionTestView.swift in Sources */ = {isa = PBXBuildFile; fileRef = 43EAB8FC28BEF5880092BD25 /* ParallaxMotionTestView.swift */; };
/* End PBXBuildFile section */

/* Begin PBXFileReference section */
		4345C68B28B6E8C300353B59 /* BasicSalesApplication.app */ = {isa = PBXFileReference; explicitFileType = wrapper.application; includeInIndex = 0; path = BasicSalesApplication.app; sourceTree = BUILT_PRODUCTS_DIR; };
		4345C68E28B6E8C300353B59 /* BasicSalesApplicationApp.swift */ = {isa = PBXFileReference; lastKnownFileType = sourcecode.swift; path = BasicSalesApplicationApp.swift; sourceTree = "<group>"; };
		4345C69228B6E8C500353B59 /* Assets.xcassets */ = {isa = PBXFileReference; lastKnownFileType = folder.assetcatalog; path = Assets.xcassets; sourceTree = "<group>"; };
		4345C69528B6E8C500353B59 /* Preview Assets.xcassets */ = {isa = PBXFileReference; lastKnownFileType = folder.assetcatalog; path = "Preview Assets.xcassets"; sourceTree = "<group>"; };
		4345C6C028B7139500353B59 /* BottomCurve.swift */ = {isa = PBXFileReference; fileEncoding = 4; lastKnownFileType = sourcecode.swift; path = BottomCurve.swift; sourceTree = "<group>"; };
		4345C6C128B7139500353B59 /* CustomTabBar.swift */ = {isa = PBXFileReference; fileEncoding = 4; lastKnownFileType = sourcecode.swift; path = CustomTabBar.swift; sourceTree = "<group>"; };
		4345C6C528B715D800353B59 /* MainView.swift */ = {isa = PBXFileReference; lastKnownFileType = sourcecode.swift; path = MainView.swift; sourceTree = "<group>"; };
		4345C6C728B7165900353B59 /* AppViewModel.swift */ = {isa = PBXFileReference; lastKnownFileType = sourcecode.swift; path = AppViewModel.swift; sourceTree = "<group>"; };
		4345C6C928B721BD00353B59 /* Home.swift */ = {isa = PBXFileReference; lastKnownFileType = sourcecode.swift; path = Home.swift; sourceTree = "<group>"; };
		43EAB8F328B9B4D10092BD25 /* Furniture.swift */ = {isa = PBXFileReference; lastKnownFileType = sourcecode.swift; path = Furniture.swift; sourceTree = "<group>"; };
		43EAB8F528BD4E180092BD25 /* DetailView.swift */ = {isa = PBXFileReference; lastKnownFileType = sourcecode.swift; path = DetailView.swift; sourceTree = "<group>"; };
		43EAB8F928BEF29E0092BD25 /* MotionManager.swift */ = {isa = PBXFileReference; lastKnownFileType = sourcecode.swift; path = MotionManager.swift; sourceTree = "<group>"; };
		43EAB8FC28BEF5880092BD25 /* ParallaxMotionTestView.swift */ = {isa = PBXFileReference; lastKnownFileType = sourcecode.swift; path = ParallaxMotionTestView.swift; sourceTree = "<group>"; };
/* End PBXFileReference section */

/* Begin PBXFrameworksBuildPhase section */
		4345C68828B6E8C300353B59 /* Frameworks */ = {
			isa = PBXFrameworksBuildPhase;
			buildActionMask = 2147483647;
			files = (
			);
			runOnlyForDeploymentPostprocessing = 0;
		};
/* End PBXFrameworksBuildPhase section */

/* Begin PBXGroup section */
		4345C68228B6E8C300353B59 = {
			isa = PBXGroup;
			children = (
				4345C68D28B6E8C300353B59 /* BasicSalesApplication */,
				4345C68C28B6E8C300353B59 /* Products */,
			);
			sourceTree = "<group>";
		};
		4345C68C28B6E8C300353B59 /* Products */ = {
			isa = PBXGroup;
			children = (
				4345C68B28B6E8C300353B59 /* BasicSalesApplication.app */,
			);
			name = Products;
			sourceTree = "<group>";
		};
		4345C68D28B6E8C300353B59 /* BasicSalesApplication */ = {
			isa = PBXGroup;
			children = (
				43EAB8FB28BEF5750092BD25 /* Test */,
				43EAB8F728BEF2860092BD25 /* Common */,
				4345C69E28B6EB2700353B59 /* ViewModel */,
				4345C69D28B6EB2100353B59 /* Model */,
				4345C69C28B6EB1E00353B59 /* View */,
				4345C68E28B6E8C300353B59 /* BasicSalesApplicationApp.swift */,
				4345C69228B6E8C500353B59 /* Assets.xcassets */,
				4345C69428B6E8C500353B59 /* Preview Content */,
			);
			path = BasicSalesApplication;
			sourceTree = "<group>";
		};
		4345C69428B6E8C500353B59 /* Preview Content */ = {
			isa = PBXGroup;
			children = (
				4345C69528B6E8C500353B59 /* Preview Assets.xcassets */,
			);
			path = "Preview Content";
			sourceTree = "<group>";
		};
		4345C69C28B6EB1E00353B59 /* View */ = {
			isa = PBXGroup;
			children = (
				4345C6C428B7158800353B59 /* CustomTabBar */,
				4345C6C528B715D800353B59 /* MainView.swift */,
				4345C6C928B721BD00353B59 /* Home.swift */,
				43EAB8F528BD4E180092BD25 /* DetailView.swift */,
			);
			path = View;
			sourceTree = "<group>";
		};
		4345C69D28B6EB2100353B59 /* Model */ = {
			isa = PBXGroup;
			children = (
				43EAB8F328B9B4D10092BD25 /* Furniture.swift */,
			);
			path = Model;
			sourceTree = "<group>";
		};
		4345C69E28B6EB2700353B59 /* ViewModel */ = {
			isa = PBXGroup;
			children = (
				4345C6C728B7165900353B59 /* AppViewModel.swift */,
			);
			path = ViewModel;
			sourceTree = "<group>";
		};
		4345C6C428B7158800353B59 /* CustomTabBar */ = {
			isa = PBXGroup;
			children = (
				4345C6C028B7139500353B59 /* BottomCurve.swift */,
				4345C6C128B7139500353B59 /* CustomTabBar.swift */,
			);
			path = CustomTabBar;
			sourceTree = "<group>";
		};
		43EAB8F728BEF2860092BD25 /* Common */ = {
			isa = PBXGroup;
			children = (
				43EAB8F828BEF28D0092BD25 /* Managers */,
			);
			path = Common;
			sourceTree = "<group>";
		};
		43EAB8F828BEF28D0092BD25 /* Managers */ = {
			isa = PBXGroup;
			children = (
				43EAB8F928BEF29E0092BD25 /* MotionManager.swift */,
			);
			path = Managers;
			sourceTree = "<group>";
		};
		43EAB8FB28BEF5750092BD25 /* Test */ = {
			isa = PBXGroup;
			children = (
				43EAB8FC28BEF5880092BD25 /* ParallaxMotionTestView.swift */,
			);
			path = Test;
			sourceTree = "<group>";
		};
/* End PBXGroup section */

/* Begin PBXNativeTarget section */
		4345C68A28B6E8C300353B59 /* BasicSalesApplication */ = {
			isa = PBXNativeTarget;
			buildConfigurationList = 4345C69928B6E8C500353B59 /* Build configuration list for PBXNativeTarget "BasicSalesApplication" */;
			buildPhases = (
				4345C68728B6E8C300353B59 /* Sources */,
				4345C68828B6E8C300353B59 /* Frameworks */,
				4345C68928B6E8C300353B59 /* Resources */,
			);
			buildRules = (
			);
			dependencies = (
			);
			name = BasicSalesApplication;
			productName = BasicSalesApplication;
			productReference = 4345C68B28B6E8C300353B59 /* BasicSalesApplication.app */;
			productType = "com.apple.product-type.application";
		};
/* End PBXNativeTarget section */

/* Begin PBXProject section */
		4345C68328B6E8C300353B59 /* Project object */ = {
			isa = PBXProject;
			attributes = {
				BuildIndependentTargetsInParallel = 1;
				LastSwiftUpdateCheck = 1340;
				LastUpgradeCheck = 1340;
				TargetAttributes = {
					4345C68A28B6E8C300353B59 = {
						CreatedOnToolsVersion = 13.4.1;
					};
				};
			};
			buildConfigurationList = 4345C68628B6E8C300353B59 /* Build configuration list for PBXProject "BasicSalesApplication" */;
			compatibilityVersion = "Xcode 13.0";
			developmentRegion = en;
			hasScannedForEncodings = 0;
			knownRegions = (
				en,
				Base,
			);
			mainGroup = 4345C68228B6E8C300353B59;
			productRefGroup = 4345C68C28B6E8C300353B59 /* Products */;
			projectDirPath = "";
			projectRoot = "";
			targets = (
				4345C68A28B6E8C300353B59 /* BasicSalesApplication */,
			);
		};
/* End PBXProject section */

/* Begin PBXResourcesBuildPhase section */
		4345C68928B6E8C300353B59 /* Resources */ = {
			isa = PBXResourcesBuildPhase;
			buildActionMask = 2147483647;
			files = (
				4345C69628B6E8C500353B59 /* Preview Assets.xcassets in Resources */,
				4345C69328B6E8C500353B59 /* Assets.xcassets in Resources */,
			);
			runOnlyForDeploymentPostprocessing = 0;
		};
/* End PBXResourcesBuildPhase section */

/* Begin PBXSourcesBuildPhase section */
		4345C68728B6E8C300353B59 /* Sources */ = {
			isa = PBXSourcesBuildPhase;
			buildActionMask = 2147483647;
			files = (
				4345C6C328B7139500353B59 /* CustomTabBar.swift in Sources */,
				43EAB8FD28BEF5880092BD25 /* ParallaxMotionTestView.swift in Sources */,
				43EAB8F628BD4E180092BD25 /* DetailView.swift in Sources */,
				4345C6C828B7165900353B59 /* AppViewModel.swift in Sources */,
				4345C68F28B6E8C300353B59 /* BasicSalesApplicationApp.swift in Sources */,
				43EAB8FA28BEF29E0092BD25 /* MotionManager.swift in Sources */,
				4345C6C628B715D800353B59 /* MainView.swift in Sources */,
				4345C6C228B7139500353B59 /* BottomCurve.swift in Sources */,
				43EAB8F428B9B4D10092BD25 /* Furniture.swift in Sources */,
				4345C6CA28B721BD00353B59 /* Home.swift in Sources */,
			);
			runOnlyForDeploymentPostprocessing = 0;
		};
/* End PBXSourcesBuildPhase section */

/* Begin XCBuildConfiguration section */
		4345C69728B6E8C500353B59 /* Debug */ = {
			isa = XCBuildConfiguration;
			buildSettings = {
				ALWAYS_SEARCH_USER_PATHS = NO;
				CLANG_ANALYZER_NONNULL = YES;
				CLANG_ANALYZER_NUMBER_OBJECT_CONVERSION = YES_AGGRESSIVE;
				CLANG_CXX_LANGUAGE_STANDARD = "gnu++17";
				CLANG_ENABLE_MODULES = YES;
				CLANG_ENABLE_OBJC_ARC = YES;
				CLANG_ENABLE_OBJC_WEAK = YES;
				CLANG_WARN_BLOCK_CAPTURE_AUTORELEASING = YES;
				CLANG_WARN_BOOL_CONVERSION = YES;
				CLANG_WARN_COMMA = YES;
				CLANG_WARN_CONSTANT_CONVERSION = YES;
				CLANG_WARN_DEPRECATED_OBJC_IMPLEMENTATIONS = YES;
				CLANG_WARN_DIRECT_OBJC_ISA_USAGE = YES_ERROR;
				CLANG_WARN_DOCUMENTATION_COMMENTS = YES;
				CLANG_WARN_EMPTY_BODY = YES;
				CLANG_WARN_ENUM_CONVERSION = YES;
				CLANG_WARN_INFINITE_RECURSION = YES;
				CLANG_WARN_INT_CONVERSION = YES;
				CLANG_WARN_NON_LITERAL_NULL_CONVERSION = YES;
				CLANG_WARN_OBJC_IMPLICIT_RETAIN_SELF = YES;
				CLANG_WARN_OBJC_LITERAL_CONVERSION = YES;
				CLANG_WARN_OBJC_ROOT_CLASS = YES_ERROR;
				CLANG_WARN_QUOTED_INCLUDE_IN_FRAMEWORK_HEADER = YES;
				CLANG_WARN_RANGE_LOOP_ANALYSIS = YES;
				CLANG_WARN_STRICT_PROTOTYPES = YES;
				CLANG_WARN_SUSPICIOUS_MOVE = YES;
				CLANG_WARN_UNGUARDED_AVAILABILITY = YES_AGGRESSIVE;
				CLANG_WARN_UNREACHABLE_CODE = YES;
				CLANG_WARN__DUPLICATE_METHOD_MATCH = YES;
				COPY_PHASE_STRIP = NO;
				DEBUG_INFORMATION_FORMAT = dwarf;
				ENABLE_STRICT_OBJC_MSGSEND = YES;
				ENABLE_TESTABILITY = YES;
				GCC_C_LANGUAGE_STANDARD = gnu11;
				GCC_DYNAMIC_NO_PIC = NO;
				GCC_NO_COMMON_BLOCKS = YES;
				GCC_OPTIMIZATION_LEVEL = 0;
				GCC_PREPROCESSOR_DEFINITIONS = (
					"DEBUG=1",
					"$(inherited)",
				);
				GCC_WARN_64_TO_32_BIT_CONVERSION = YES;
				GCC_WARN_ABOUT_RETURN_TYPE = YES_ERROR;
				GCC_WARN_UNDECLARED_SELECTOR = YES;
				GCC_WARN_UNINITIALIZED_AUTOS = YES_AGGRESSIVE;
				GCC_WARN_UNUSED_FUNCTION = YES;
				GCC_WARN_UNUSED_VARIABLE = YES;
				IPHONEOS_DEPLOYMENT_TARGET = 15.5;
				MTL_ENABLE_DEBUG_INFO = INCLUDE_SOURCE;
				MTL_FAST_MATH = YES;
				ONLY_ACTIVE_ARCH = YES;
				SDKROOT = iphoneos;
				SWIFT_ACTIVE_COMPILATION_CONDITIONS = DEBUG;
				SWIFT_OPTIMIZATION_LEVEL = "-Onone";
			};
			name = Debug;
		};
		4345C69828B6E8C500353B59 /* Release */ = {
			isa = XCBuildConfiguration;
			buildSettings = {
				ALWAYS_SEARCH_USER_PATHS = NO;
				CLANG_ANALYZER_NONNULL = YES;
				CLANG_ANALYZER_NUMBER_OBJECT_CONVERSION = YES_AGGRESSIVE;
				CLANG_CXX_LANGUAGE_STANDARD = "gnu++17";
				CLANG_ENABLE_MODULES = YES;
				CLANG_ENABLE_OBJC_ARC = YES;
				CLANG_ENABLE_OBJC_WEAK = YES;
				CLANG_WARN_BLOCK_CAPTURE_AUTORELEASING = YES;
				CLANG_WARN_BOOL_CONVERSION = YES;
				CLANG_WARN_COMMA = YES;
				CLANG_WARN_CONSTANT_CONVERSION = YES;
				CLANG_WARN_DEPRECATED_OBJC_IMPLEMENTATIONS = YES;
				CLANG_WARN_DIRECT_OBJC_ISA_USAGE = YES_ERROR;
				CLANG_WARN_DOCUMENTATION_COMMENTS = YES;
				CLANG_WARN_EMPTY_BODY = YES;
				CLANG_WARN_ENUM_CONVERSION = YES;
				CLANG_WARN_INFINITE_RECURSION = YES;
				CLANG_WARN_INT_CONVERSION = YES;
				CLANG_WARN_NON_LITERAL_NULL_CONVERSION = YES;
				CLANG_WARN_OBJC_IMPLICIT_RETAIN_SELF = YES;
				CLANG_WARN_OBJC_LITERAL_CONVERSION = YES;
				CLANG_WARN_OBJC_ROOT_CLASS = YES_ERROR;
				CLANG_WARN_QUOTED_INCLUDE_IN_FRAMEWORK_HEADER = YES;
				CLANG_WARN_RANGE_LOOP_ANALYSIS = YES;
				CLANG_WARN_STRICT_PROTOTYPES = YES;
				CLANG_WARN_SUSPICIOUS_MOVE = YES;
				CLANG_WARN_UNGUARDED_AVAILABILITY = YES_AGGRESSIVE;
				CLANG_WARN_UNREACHABLE_CODE = YES;
				CLANG_WARN__DUPLICATE_METHOD_MATCH = YES;
				COPY_PHASE_STRIP = NO;
				DEBUG_INFORMATION_FORMAT = "dwarf-with-dsym";
				ENABLE_NS_ASSERTIONS = NO;
				ENABLE_STRICT_OBJC_MSGSEND = YES;
				GCC_C_LANGUAGE_STANDARD = gnu11;
				GCC_NO_COMMON_BLOCKS = YES;
				GCC_WARN_64_TO_32_BIT_CONVERSION = YES;
				GCC_WARN_ABOUT_RETURN_TYPE = YES_ERROR;
				GCC_WARN_UNDECLARED_SELECTOR = YES;
				GCC_WARN_UNINITIALIZED_AUTOS = YES_AGGRESSIVE;
				GCC_WARN_UNUSED_FUNCTION = YES;
				GCC_WARN_UNUSED_VARIABLE = YES;
				IPHONEOS_DEPLOYMENT_TARGET = 15.5;
				MTL_ENABLE_DEBUG_INFO = NO;
				MTL_FAST_MATH = YES;
				SDKROOT = iphoneos;
				SWIFT_COMPILATION_MODE = wholemodule;
				SWIFT_OPTIMIZATION_LEVEL = "-O";
				VALIDATE_PRODUCT = YES;
			};
			name = Release;
		};
		4345C69A28B6E8C500353B59 /* Debug */ = {
			isa = XCBuildConfiguration;
			buildSettings = {
				ASSETCATALOG_COMPILER_APPICON_NAME = AppIcon;
				ASSETCATALOG_COMPILER_GLOBAL_ACCENT_COLOR_NAME = AccentColor;
				CODE_SIGN_STYLE = Automatic;
				CURRENT_PROJECT_VERSION = 1;
				DEVELOPMENT_ASSET_PATHS = "\"BasicSalesApplication/Preview Content\"";
				DEVELOPMENT_TEAM = 9VUUQV7X5U;
				ENABLE_PREVIEWS = YES;
				GENERATE_INFOPLIST_FILE = YES;
				INFOPLIST_KEY_UIApplicationSceneManifest_Generation = YES;
				INFOPLIST_KEY_UIApplicationSupportsIndirectInputEvents = YES;
				INFOPLIST_KEY_UILaunchScreen_Generation = YES;
				INFOPLIST_KEY_UISupportedInterfaceOrientations_iPad = "UIInterfaceOrientationPortrait UIInterfaceOrientationPortraitUpsideDown UIInterfaceOrientationLandscapeLeft UIInterfaceOrientationLandscapeRight";
				INFOPLIST_KEY_UISupportedInterfaceOrientations_iPhone = "UIInterfaceOrientationPortrait UIInterfaceOrientationLandscapeLeft UIInterfaceOrientationLandscapeRight";
				LD_RUNPATH_SEARCH_PATHS = (
					"$(inherited)",
					"@executable_path/Frameworks",
				);
				MARKETING_VERSION = 1.0;
				PRODUCT_BUNDLE_IDENTIFIER = com.ilmint.BasicSalesApplication;
				PRODUCT_NAME = "$(TARGET_NAME)";
				SWIFT_EMIT_LOC_STRINGS = YES;
				SWIFT_VERSION = 5.0;
				TARGETED_DEVICE_FAMILY = "1,2";
			};
			name = Debug;
		};
		4345C69B28B6E8C500353B59 /* Release */ = {
			isa = XCBuildConfiguration;
			buildSettings = {
				ASSETCATALOG_COMPILER_APPICON_NAME = AppIcon;
				ASSETCATALOG_COMPILER_GLOBAL_ACCENT_COLOR_NAME = AccentColor;
				CODE_SIGN_STYLE = Automatic;
				CURRENT_PROJECT_VERSION = 1;
				DEVELOPMENT_ASSET_PATHS = "\"BasicSalesApplication/Preview Content\"";
				DEVELOPMENT_TEAM = 9VUUQV7X5U;
				ENABLE_PREVIEWS = YES;
				GENERATE_INFOPLIST_FILE = YES;
				INFOPLIST_KEY_UIApplicationSceneManifest_Generation = YES;
				INFOPLIST_KEY_UIApplicationSupportsIndirectInputEvents = YES;
				INFOPLIST_KEY_UILaunchScreen_Generation = YES;
				INFOPLIST_KEY_UISupportedInterfaceOrientations_iPad = "UIInterfaceOrientationPortrait UIInterfaceOrientationPortraitUpsideDown UIInterfaceOrientationLandscapeLeft UIInterfaceOrientationLandscapeRight";
				INFOPLIST_KEY_UISupportedInterfaceOrientations_iPhone = "UIInterfaceOrientationPortrait UIInterfaceOrientationLandscapeLeft UIInterfaceOrientationLandscapeRight";
				LD_RUNPATH_SEARCH_PATHS = (
					"$(inherited)",
					"@executable_path/Frameworks",
				);
				MARKETING_VERSION = 1.0;
				PRODUCT_BUNDLE_IDENTIFIER = com.ilmint.BasicSalesApplication;
				PRODUCT_NAME = "$(TARGET_NAME)";
				SWIFT_EMIT_LOC_STRINGS = YES;
				SWIFT_VERSION = 5.0;
				TARGETED_DEVICE_FAMILY = "1,2";
			};
			name = Release;
		};
/* End XCBuildConfiguration section */

/* Begin XCConfigurationList section */
		4345C68628B6E8C300353B59 /* Build configuration list for PBXProject "BasicSalesApplication" */ = {
			isa = XCConfigurationList;
			buildConfigurations = (
				4345C69728B6E8C500353B59 /* Debug */,
				4345C69828B6E8C500353B59 /* Release */,
			);
			defaultConfigurationIsVisible = 0;
			defaultConfigurationName = Release;
		};
		4345C69928B6E8C500353B59 /* Build configuration list for PBXNativeTarget "BasicSalesApplication" */ = {
			isa = XCConfigurationList;
			buildConfigurations = (
				4345C69A28B6E8C500353B59 /* Debug */,
				4345C69B28B6E8C500353B59 /* Release */,
			);
			defaultConfigurationIsVisible = 0;
			defaultConfigurationName = Release;
		};
/* End XCConfigurationList section */
	};
	rootObject = 4345C68328B6E8C300353B59 /* Project object */;
}
